fit-models:
  cmd: Rscript render-it.R
  deps:
  - path: fit_model.Rmd
    md5: 8bbb0b7a23f6729906a5e09885db2a57
  - path: housing.csv
    md5: 03e78e4c63e93e971fe912393a5f7abd
  - path: render-it.R
    md5: 6a0d53a6c99eca3512c98d863d194b1a
  params:
    params.yaml:
      tune.trees: 100
  outs:
  - path: metrics.json
    md5: f66b71962e4351ccc511de40defe7bc0
